# This file is autogenerated, do not edit; changes may be undone by the next 'dep ensure'.


[[projects]]
  branch = "master"
  digest = "1:d3a1472b30c04e5926a88e1d09290d7972fb7feb05533cde039610111c8c6f0b"
  name = "github.com/automatedhome/flow-meter"
  packages = ["pkg/mqttclient"]
  pruneopts = "UT"
  revision = "e7b08d47ff2c350f21f05e95e823afdf810fd154"

[[projects]]
  digest = "1:bb89a2542933056fcebc2950bb15ec636e623cc43c96597288aa2009f15b0ce1"
  name = "github.com/eclipse/paho.mqtt.golang"
  packages = [
    ".",
    "packets",
  ]
  pruneopts = "UT"
  revision = "adca289fdcf8c883800aafa545bc263452290bae"
  version = "v1.2.0"

[[projects]]
  branch = "master"
  digest = "1:7b9fdf110cdbe98f41436d1d3b6e0c648920dab6f36a399a8e688c70ae3c7c92"
  name = "golang.org/x/net"
  packages = [
    "internal/socks",
    "proxy",
    "websocket",
  ]
  pruneopts = "UT"
  revision = "1da14a5a36f220ea3f03470682b737b1dfd5de22"

[solve-meta]
  analyzer-name = "dep"
  analyzer-version = 1
  input-imports = [
    "github.com/automatedhome/flow-meter/pkg/mqttclient",
    "github.com/eclipse/paho.mqtt.golang",
  ]
  solver-name = "gps-cdcl"
  solver-version = 1
